{
  "name": "pokedex",
  "version": "1.0.0",
  "lockfileVersion": 2,
  "requires": true,
  "packages": {
    "": {
      "name": "pokedex",
      "version": "1.0.0",
      "license": "ISC",
      "devDependencies": {
        "next": "^12.2.5",
        "react": "^18.2.0",
        "react-dom": "^18.2.0",
        "vercel": "^19.1.2"
      }
    },
    "node_modules/@next/env": {
      "version": "12.2.5",
      "resolved": "https://registry.npmjs.org/@next/env/-/env-12.2.5.tgz",
      "integrity": "sha512-vLPLV3cpPGjUPT3PjgRj7e3nio9t6USkuew3JE/jMeon/9Mvp1WyR18v3iwnCuX7eUAm1HmAbJHHLAbcu/EJcw==",
      "dev": true
    },
    "node_modules/@next/swc-android-arm-eabi": {
      "version": "12.2.5",
      "resolved": "https://registry.npmjs.org/@next/swc-android-arm-eabi/-/swc-android-arm-eabi-12.2.5.tgz",
      "integrity": "sha512-cPWClKxGhgn2dLWnspW+7psl3MoLQUcNqJqOHk2BhNcou9ARDtC0IjQkKe5qcn9qg7I7U83Gp1yh2aesZfZJMA==",
      "cpu": [
        "arm"
      ],
      "dev": true,
      "optional": true,
      "os": [
        "android"
      ],
      "engines": {
        "node": ">= 10"
      }
    },
    "node_modules/@next/swc-android-arm64": {
      "version": "12.2.5",
      "resolved": "https://registry.npmjs.org/@next/swc-android-arm64/-/swc-android-arm64-12.2.5.tgz",
      "integrity": "sha512-vMj0efliXmC5b7p+wfcQCX0AfU8IypjkzT64GiKJD9PgiA3IILNiGJr1fw2lyUDHkjeWx/5HMlMEpLnTsQslwg==",
      "cpu": [
        "arm64"
      ],
      "dev": true,
      "optional": true,
      "os": [
        "android"
      ],
      "engines": {
        "node": ">= 10"
      }
    },
    "node_modules/@next/swc-darwin-arm64": {
      "version": "12.2.5",
      "resolved": "https://registry.npmjs.org/@next/swc-darwin-arm64/-/swc-darwin-arm64-12.2.5.tgz",
      "integrity": "sha512-VOPWbO5EFr6snla/WcxUKtvzGVShfs302TEMOtzYyWni6f9zuOetijJvVh9CCTzInnXAZMtHyNhefijA4HMYLg==",
      "cpu": [
        "arm64"
      ],
      "dev": true,
      "optional": true,
      "os": [
        "darwin"
      ],
      "engines": {
        "node": ">= 10"
      }
    },
    "node_modules/@next/swc-darwin-x64": {
      "version": "12.2.5",
      "resolved": "https://registry.npmjs.org/@next/swc-darwin-x64/-/swc-darwin-x64-12.2.5.tgz",
      "integrity": "sha512-5o8bTCgAmtYOgauO/Xd27vW52G2/m3i5PX7MUYePquxXAnX73AAtqA3WgPXBRitEB60plSKZgOTkcpqrsh546A==",
      "cpu": [
        "x64"
      ],
      "dev": true,
      "optional": true,
      "os": [
        "darwin"
      ],
      "engines": {
        "node": ">= 10"
      }
    },
    "node_modules/@next/swc-freebsd-x64": {
      "version": "12.2.5",
      "resolved": "https://registry.npmjs.org/@next/swc-freebsd-x64/-/swc-freebsd-x64-12.2.5.tgz",
      "integrity": "sha512-yYUbyup1JnznMtEBRkK4LT56N0lfK5qNTzr6/DEyDw5TbFVwnuy2hhLBzwCBkScFVjpFdfiC6SQAX3FrAZzuuw==",
      "cpu": [
        "x64"
      ],
      "dev": true,
      "optional": true,
      "os": [
        "freebsd"
      ],
      "engines": {
        "node": ">= 10"
      }
    },
    "node_modules/@next/swc-linux-arm-gnueabihf": {
      "version": "12.2.5",
      "resolved": "https://registry.npmjs.org/@next/swc-linux-arm-gnueabihf/-/swc-linux-arm-gnueabihf-12.2.5.tgz",
      "integrity": "sha512-2ZE2/G921Acks7UopJZVMgKLdm4vN4U0yuzvAMJ6KBavPzqESA2yHJlm85TV/K9gIjKhSk5BVtauIUntFRP8cg==",
      "cpu": [
        "arm"
      ],
      "dev": true,
      "optional": true,
      "os": [
        "linux"
      ],
      "engines": {
        "node": ">= 10"
      }
    },
    "node_modules/@next/swc-linux-arm64-gnu": {
      "version": "12.2.5",
      "resolved": "https://registry.npmjs.org/@next/swc-linux-arm64-gnu/-/swc-linux-arm64-gnu-12.2.5.tgz",
      "integrity": "sha512-/I6+PWVlz2wkTdWqhlSYYJ1pWWgUVva6SgX353oqTh8njNQp1SdFQuWDqk8LnM6ulheVfSsgkDzxrDaAQZnzjQ==",
      "cpu": [
        "arm64"
      ],
      "dev": true,
      "optional": true,
      "os": [
        "linux"
      ],
      "engines": {
        "node": ">= 10"
      }
    },
    "node_modules/@next/swc-linux-arm64-musl": {
      "version": "12.2.5",
      "resolved": "https://registry.npmjs.org/@next/swc-linux-arm64-musl/-/swc-linux-arm64-musl-12.2.5.tgz",
      "integrity": "sha512-LPQRelfX6asXyVr59p5sTpx5l+0yh2Vjp/R8Wi4X9pnqcayqT4CUJLiHqCvZuLin3IsFdisJL0rKHMoaZLRfmg==",
      "cpu": [
        "arm64"
      ],
      "dev": true,
      "optional": true,
      "os": [
        "linux"
      ],
      "engines": {
        "node": ">= 10"
      }
    },
    "node_modules/@next/swc-linux-x64-gnu": {
      "version": "12.2.5",
      "resolved": "https://registry.npmjs.org/@next/swc-linux-x64-gnu/-/swc-linux-x64-gnu-12.2.5.tgz",
      "integrity": "sha512-0szyAo8jMCClkjNK0hknjhmAngUppoRekW6OAezbEYwHXN/VNtsXbfzgYOqjKWxEx3OoAzrT3jLwAF0HdX2MEw==",
      "cpu": [
        "x64"
      ],
      "dev": true,
      "optional": true,
      "os": [
        "linux"
      ],
      "engines": {
        "node": ">= 10"
      }
    },
    "node_modules/@next/swc-linux-x64-musl": {
      "version": "12.2.5",
      "resolved": "https://registry.npmjs.org/@next/swc-linux-x64-musl/-/swc-linux-x64-musl-12.2.5.tgz",
      "integrity": "sha512-zg/Y6oBar1yVnW6Il1I/08/2ukWtOG6s3acdJdEyIdsCzyQi4RLxbbhkD/EGQyhqBvd3QrC6ZXQEXighQUAZ0g==",
      "cpu": [
        "x64"
      ],
      "dev": true,
      "optional": true,
      "os": [
        "linux"
      ],
      "engines": {
        "node": ">= 10"
      }
    },
    "node_modules/@next/swc-win32-arm64-msvc": {
      "version": "12.2.5",
      "resolved": "https://registry.npmjs.org/@next/swc-win32-arm64-msvc/-/swc-win32-arm64-msvc-12.2.5.tgz",
      "integrity": "sha512-3/90DRNSqeeSRMMEhj4gHHQlLhhKg5SCCoYfE3kBjGpE63EfnblYUqsszGGZ9ekpKL/R4/SGB40iCQr8tR5Jiw==",
      "cpu": [
        "arm64"
      ],
      "dev": true,
      "optional": true,
      "os": [
        "win32"
      ],
      "engines": {
        "node": ">= 10"
      }
    },
    "node_modules/@next/swc-win32-ia32-msvc": {
      "version": "12.2.5",
      "resolved": "https://registry.npmjs.org/@next/swc-win32-ia32-msvc/-/swc-win32-ia32-msvc-12.2.5.tgz",
      "integrity": "sha512-hGLc0ZRAwnaPL4ulwpp4D2RxmkHQLuI8CFOEEHdzZpS63/hMVzv81g8jzYA0UXbb9pus/iTc3VRbVbAM03SRrw==",
      "cpu": [
        "ia32"
      ],
      "dev": true,
      "optional": true,
      "os": [
        "win32"
      ],
      "engines": {
        "node": ">= 10"
      }
    },
    "node_modules/@next/swc-win32-x64-msvc": {
      "version": "12.2.5",
      "resolved": "https://registry.npmjs.org/@next/swc-win32-x64-msvc/-/swc-win32-x64-msvc-12.2.5.tgz",
      "integrity": "sha512-7h5/ahY7NeaO2xygqVrSG/Y8Vs4cdjxIjowTZ5W6CKoTKn7tmnuxlUc2h74x06FKmbhAd9agOjr/AOKyxYYm9Q==",
      "cpu": [
        "x64"
      ],
      "dev": true,
      "optional": true,
      "os": [
        "win32"
      ],
      "engines": {
        "node": ">= 10"
      }
    },
    "node_modules/@swc/helpers": {
      "version": "0.4.3",
      "resolved": "https://registry.npmjs.org/@swc/helpers/-/helpers-0.4.3.tgz",
      "integrity": "sha512-6JrF+fdUK2zbGpJIlN7G3v966PQjyx/dPt1T9km2wj+EUBqgrxCk3uX4Kct16MIm9gGxfKRcfax2hVf5jvlTzA==",
      "dev": true,
      "dependencies": {
        "tslib": "^2.4.0"
      }
    },
    "node_modules/@types/node": {
      "version": "18.7.6",
      "resolved": "https://registry.npmjs.org/@types/node/-/node-18.7.6.tgz",
      "integrity": "sha512-EdxgKRXgYsNITy5mjjXjVE/CS8YENSdhiagGrLqjG0pvA2owgJ6i4l7wy/PFZGC0B1/H20lWKN7ONVDNYDZm7A==",
      "dev": true
    },
    "node_modules/@vercel/build-utils": {
      "version": "2.4.1",
      "resolved": "https://registry.npmjs.org/@vercel/build-utils/-/build-utils-2.4.1.tgz",
      "integrity": "sha512-DgRvs0u5ZLQyeVztZWEbEtGeq1PsquJ4BfGQ9pu3w3vPuk1Znbxhrha55Kqc8Zo5YTWBEudQh5OlxA7ZYCjqPQ==",
      "dev": true
    },
    "node_modules/@vercel/go": {
      "version": "1.1.3",
      "resolved": "https://registry.npmjs.org/@vercel/go/-/go-1.1.3.tgz",
      "integrity": "sha512-ydW8jA4wtx781BbaCB/BDuC+NO6aqUVbkqFhltVVFeUjYRxL3Uyh35dWwSbT/d9Kgw3xorLTb3m/gAyFwjoHVw==",
      "dev": true
    },
    "node_modules/@vercel/next": {
      "version": "2.6.11",
      "resolved": "https://registry.npmjs.org/@vercel/next/-/next-2.6.11.tgz",
      "integrity": "sha512-bUHhQoR72iG0RUwGUEuQZVVDI09+wLL5ADBbRFudQq9xg1kCYBlQ/6l3MyFif2IuZq5b/OPQ++XX0qtUzeLlJQ==",
      "dev": true
    },
    "node_modules/@vercel/node": {
      "version": "1.7.2",
      "resolved": "https://registry.npmjs.org/@vercel/node/-/node-1.7.2.tgz",
      "integrity": "sha512-XV5lrLC+K/cxsaFj8H2OoGu1zliOqnxcrOnPInI8HmQjR/Tztt+0nzgpt+7sx8wXcrib0Nu7lK303jP7VjSETw==",
      "dev": true,
      "dependencies": {
        "@types/node": "*",
        "ts-node": "8.9.1",
        "typescript": "3.9.3"
      }
    },
    "node_modules/@vercel/python": {
      "version": "1.2.2",
      "resolved": "https://registry.npmjs.org/@vercel/python/-/python-1.2.2.tgz",
      "integrity": "sha512-+rHfbjJaySdac59Oa11a7/nZzpXC98Kqw5tPh8DT1I5OG8YTfgJnwgfBoytZOAZZQBcggoJspnjAd+wGVCoVXw==",
      "dev": true
    },
    "node_modules/@vercel/ruby": {
      "version": "1.2.3",
      "resolved": "https://registry.npmjs.org/@vercel/ruby/-/ruby-1.2.3.tgz",
      "integrity": "sha512-WvtImWLdIo4bB0f2Pgc+P7KdgVVsPSMEVEtk4ZJnKkhU7IsCn/UnlovOsZeP6Qw/Bwqv84KrNm+nNRte648aew==",
      "dev": true
    },
    "node_modules/@vercel/static-build": {
      "version": "0.17.5",
      "resolved": "https://registry.npmjs.org/@vercel/static-build/-/static-build-0.17.5.tgz",
      "integrity": "sha512-pZpIgm22BbscfH3qJUBgTZf0RNQO/sh2AORsu9aF70QXeU2B2n9wvpz+K8oiTTXjdNdFSidfMUX+PZZc1OPx+Q==",
      "dev": true
    },
    "node_modules/arg": {
      "version": "4.1.3",
      "resolved": "https://registry.npmjs.org/arg/-/arg-4.1.3.tgz",
      "integrity": "sha512-58S9QDqG0Xx27YwPSt9fJxivjYl432YCwfDMfZ+71RAqUrZef7LrKQZ3LHLOwCS4FLNBplP533Zx895SeOCHvA==",
      "dev": true
    },
    "node_modules/buffer-from": {
      "version": "1.1.2",
      "resolved": "https://registry.npmjs.org/buffer-from/-/buffer-from-1.1.2.tgz",
      "integrity": "sha512-E+XQCRwSbaaiChtv6k6Dwgc+bx+Bs6vuKJHHl5kox/BaKbhiXzqQOwK4cO22yElGp2OCmjwVhT3HmxgyPGnJfQ==",
      "dev": true
    },
    "node_modules/caniuse-lite": {
      "version": "1.0.30001378",
      "resolved": "https://registry.npmjs.org/caniuse-lite/-/caniuse-lite-1.0.30001378.tgz",
      "integrity": "sha512-JVQnfoO7FK7WvU4ZkBRbPjaot4+YqxogSDosHv0Hv5mWpUESmN+UubMU6L/hGz8QlQ2aY5U0vR6MOs6j/CXpNA==",
      "dev": true,
      "funding": [
        {
          "type": "opencollective",
          "url": "https://opencollective.com/browserslist"
        },
        {
          "type": "tidelift",
          "url": "https://tidelift.com/funding/github/npm/caniuse-lite"
        }
      ]
    },
    "node_modules/diff": {
      "version": "4.0.2",
      "resolved": "https://registry.npmjs.org/diff/-/diff-4.0.2.tgz",
      "integrity": "sha512-58lmxKSA4BNyLz+HHMUzlOEpg09FV+ev6ZMe3vJihgdxzgcwZ8VoEEPmALCZG9LmqfVoNMMKpttIYTVG6uDY7A==",
      "dev": true,
      "engines": {
        "node": ">=0.3.1"
      }
    },
    "node_modules/js-tokens": {
      "version": "4.0.0",
      "resolved": "https://registry.npmjs.org/js-tokens/-/js-tokens-4.0.0.tgz",
      "integrity": "sha512-RdJUflcE3cUzKiMqQgsCu06FPu9UdIJO0beYbPhHN4k6apgJtifcoCtT9bcxOpYBtpD2kCM6Sbzg4CausW/PKQ==",
      "dev": true
    },
    "node_modules/loose-envify": {
      "version": "1.4.0",
      "resolved": "https://registry.npmjs.org/loose-envify/-/loose-envify-1.4.0.tgz",
      "integrity": "sha512-lyuxPGr/Wfhrlem2CL/UcnUc1zcqKAImBDzukY7Y5F/yQiNdko6+fRLevlw1HgMySw7f611UIY408EtxRSoK3Q==",
      "dev": true,
      "dependencies": {
        "js-tokens": "^3.0.0 || ^4.0.0"
      },
      "bin": {
        "loose-envify": "cli.js"
      }
    },
    "node_modules/make-error": {
      "version": "1.3.6",
      "resolved": "https://registry.npmjs.org/make-error/-/make-error-1.3.6.tgz",
      "integrity": "sha512-s8UhlNe7vPKomQhC1qFelMokr/Sc3AgNbso3n74mVPA5LTZwkB9NlXf4XPamLxJE8h0gh73rM94xvwRT2CVInw==",
      "dev": true
    },
    "node_modules/nanoid": {
      "version": "3.3.4",
      "resolved": "https://registry.npmjs.org/nanoid/-/nanoid-3.3.4.tgz",
      "integrity": "sha512-MqBkQh/OHTS2egovRtLk45wEyNXwF+cokD+1YPf9u5VfJiRdAiRwB2froX5Co9Rh20xs4siNPm8naNotSD6RBw==",
      "dev": true,
      "bin": {
        "nanoid": "bin/nanoid.cjs"
      },
      "engines": {
        "node": "^10 || ^12 || ^13.7 || ^14 || >=15.0.1"
      }
    },
    "node_modules/next": {
      "version": "12.2.5",
      "resolved": "https://registry.npmjs.org/next/-/next-12.2.5.tgz",
      "integrity": "sha512-tBdjqX5XC/oFs/6gxrZhjmiq90YWizUYU6qOWAfat7zJwrwapJ+BYgX2PmiacunXMaRpeVT4vz5MSPSLgNkrpA==",
      "dev": true,
      "dependencies": {
        "@next/env": "12.2.5",
        "@swc/helpers": "0.4.3",
        "caniuse-lite": "^1.0.30001332",
        "postcss": "8.4.14",
        "styled-jsx": "5.0.4",
        "use-sync-external-store": "1.2.0"
      },
      "bin": {
        "next": "dist/bin/next"
      },
      "engines": {
        "node": ">=12.22.0"
      },
      "optionalDependencies": {
        "@next/swc-android-arm-eabi": "12.2.5",
        "@next/swc-android-arm64": "12.2.5",
        "@next/swc-darwin-arm64": "12.2.5",
        "@next/swc-darwin-x64": "12.2.5",
        "@next/swc-freebsd-x64": "12.2.5",
        "@next/swc-linux-arm-gnueabihf": "12.2.5",
        "@next/swc-linux-arm64-gnu": "12.2.5",
        "@next/swc-linux-arm64-musl": "12.2.5",
        "@next/swc-linux-x64-gnu": "12.2.5",
        "@next/swc-linux-x64-musl": "12.2.5",
        "@next/swc-win32-arm64-msvc": "12.2.5",
        "@next/swc-win32-ia32-msvc": "12.2.5",
        "@next/swc-win32-x64-msvc": "12.2.5"
      },
      "peerDependencies": {
        "fibers": ">= 3.1.0",
        "node-sass": "^6.0.0 || ^7.0.0",
        "react": "^17.0.2 || ^18.0.0-0",
        "react-dom": "^17.0.2 || ^18.0.0-0",
        "sass": "^1.3.0"
      },
      "peerDependenciesMeta": {
        "fibers": {
          "optional": true
        },
        "node-sass": {
          "optional": true
        },
        "sass": {
          "optional": true
        }
      }
    },
    "node_modules/picocolors": {
      "version": "1.0.0",
      "resolved": "https://registry.npmjs.org/picocolors/-/picocolors-1.0.0.tgz",
      "integrity": "sha512-1fygroTLlHu66zi26VoTDv8yRgm0Fccecssto+MhsZ0D/DGW2sm8E8AjW7NU5VVTRt5GxbeZ5qBuJr+HyLYkjQ==",
      "dev": true
    },
    "node_modules/postcss": {
      "version": "8.4.14",
      "resolved": "https://registry.npmjs.org/postcss/-/postcss-8.4.14.tgz",
      "integrity": "sha512-E398TUmfAYFPBSdzgeieK2Y1+1cpdxJx8yXbK/m57nRhKSmk1GB2tO4lbLBtlkfPQTDKfe4Xqv1ASWPpayPEig==",
      "dev": true,
      "funding": [
        {
          "type": "opencollective",
          "url": "https://opencollective.com/postcss/"
        },
        {
          "type": "tidelift",
          "url": "https://tidelift.com/funding/github/npm/postcss"
        }
      ],
      "dependencies": {
        "nanoid": "^3.3.4",
        "picocolors": "^1.0.0",
        "source-map-js": "^1.0.2"
      },
      "engines": {
        "node": "^10 || ^12 || >=14"
      }
    },
    "node_modules/react": {
      "version": "18.2.0",
      "resolved": "https://registry.npmjs.org/react/-/react-18.2.0.tgz",
      "integrity": "sha512-/3IjMdb2L9QbBdWiW5e3P2/npwMBaU9mHCSCUzNln0ZCYbcfTsGbTJrU/kGemdH2IWmB2ioZ+zkxtmq6g09fGQ==",
      "dev": true,
      "dependencies": {
        "loose-envify": "^1.1.0"
      },
      "engines": {
        "node": ">=0.10.0"
      }
    },
    "node_modules/react-dom": {
      "version": "18.2.0",
      "resolved": "https://registry.npmjs.org/react-dom/-/react-dom-18.2.0.tgz",
      "integrity": "sha512-6IMTriUmvsjHUjNtEDudZfuDQUoWXVxKHhlEGSk81n4YFS+r/Kl99wXiwlVXtPBtJenozv2P+hxDsw9eA7Xo6g==",
      "dev": true,
      "dependencies": {
        "loose-envify": "^1.1.0",
        "scheduler": "^0.23.0"
      },
      "peerDependencies": {
        "react": "^18.2.0"
      }
    },
    "node_modules/scheduler": {
      "version": "0.23.0",
      "resolved": "https://registry.npmjs.org/scheduler/-/scheduler-0.23.0.tgz",
      "integrity": "sha512-CtuThmgHNg7zIZWAXi3AsyIzA3n4xx7aNyjwC2VJldO2LMVDhFK+63xGqq6CsJH4rTAt6/M+N4GhZiDYPx9eUw==",
      "dev": true,
      "dependencies": {
        "loose-envify": "^1.1.0"
      }
    },
    "node_modules/source-map": {
      "version": "0.6.1",
      "resolved": "https://registry.npmjs.org/source-map/-/source-map-0.6.1.tgz",
      "integrity": "sha512-UjgapumWlbMhkBgzT7Ykc5YXUT46F0iKu8SGXq0bcwP5dz/h0Plj6enJqjz1Zbq2l5WaqYnrVbwWOWMyF3F47g==",
      "dev": true,
      "engines": {
        "node": ">=0.10.0"
      }
    },
    "node_modules/source-map-js": {
      "version": "1.0.2",
      "resolved": "https://registry.npmjs.org/source-map-js/-/source-map-js-1.0.2.tgz",
      "integrity": "sha512-R0XvVJ9WusLiqTCEiGCmICCMplcCkIwwR11mOSD9CR5u+IXYdiseeEuXCVAjS54zqwkLcPNnmU4OeJ6tUrWhDw==",
      "dev": true,
      "engines": {
        "node": ">=0.10.0"
      }
    },
    "node_modules/source-map-support": {
      "version": "0.5.21",
      "resolved": "https://registry.npmjs.org/source-map-support/-/source-map-support-0.5.21.tgz",
      "integrity": "sha512-uBHU3L3czsIyYXKX88fdrGovxdSCoTGDRZ6SYXtSRxLZUzHg5P/66Ht6uoUlHu9EZod+inXhKo3qQgwXUT/y1w==",
      "dev": true,
      "dependencies": {
        "buffer-from": "^1.0.0",
        "source-map": "^0.6.0"
      }
    },
    "node_modules/styled-jsx": {
      "version": "5.0.4",
      "resolved": "https://registry.npmjs.org/styled-jsx/-/styled-jsx-5.0.4.tgz",
      "integrity": "sha512-sDFWLbg4zR+UkNzfk5lPilyIgtpddfxXEULxhujorr5jtePTUqiPDc5BC0v1NRqTr/WaFBGQQUoYToGlF4B2KQ==",
      "dev": true,
      "engines": {
        "node": ">= 12.0.0"
      },
      "peerDependencies": {
        "react": ">= 16.8.0 || 17.x.x || ^18.0.0-0"
      },
      "peerDependenciesMeta": {
        "@babel/core": {
          "optional": true
        },
        "babel-plugin-macros": {
          "optional": true
        }
      }
    },
    "node_modules/ts-node": {
      "version": "8.9.1",
      "resolved": "https://registry.npmjs.org/ts-node/-/ts-node-8.9.1.tgz",
      "integrity": "sha512-yrq6ODsxEFTLz0R3BX2myf0WBCSQh9A+py8PBo1dCzWIOcvisbyH6akNKqDHMgXePF2kir5mm5JXJTH3OUJYOQ==",
      "dev": true,
      "dependencies": {
        "arg": "^4.1.0",
        "diff": "^4.0.1",
        "make-error": "^1.1.1",
        "source-map-support": "^0.5.17",
        "yn": "3.1.1"
      },
      "bin": {
        "ts-node": "dist/bin.js",
        "ts-node-script": "dist/bin-script.js",
        "ts-node-transpile-only": "dist/bin-transpile.js",
        "ts-script": "dist/bin-script-deprecated.js"
      },
      "engines": {
        "node": ">=6.0.0"
      },
      "peerDependencies": {
        "typescript": ">=2.7"
      }
    },
    "node_modules/tslib": {
      "version": "2.4.0",
      "resolved": "https://registry.npmjs.org/tslib/-/tslib-2.4.0.tgz",
      "integrity": "sha512-d6xOpEDfsi2CZVlPQzGeux8XMwLT9hssAsaPYExaQMuYskwb+x1x7J371tWlbBdWHroy99KnVB6qIkUbs5X3UQ==",
      "dev": true
    },
    "node_modules/typescript": {
      "version": "3.9.3",
      "resolved": "https://registry.npmjs.org/typescript/-/typescript-3.9.3.tgz",
      "integrity": "sha512-D/wqnB2xzNFIcoBG9FG8cXRDjiqSTbG2wd8DMZeQyJlP1vfTkIxH4GKveWaEBYySKIg+USu+E+EDIR47SqnaMQ==",
      "dev": true,
      "bin": {
        "tsc": "bin/tsc",
        "tsserver": "bin/tsserver"
      },
      "engines": {
        "node": ">=4.2.0"
      }
    },
    "node_modules/use-sync-external-store": {
      "version": "1.2.0",
      "resolved": "https://registry.npmjs.org/use-sync-external-store/-/use-sync-external-store-1.2.0.tgz",
      "integrity": "sha512-eEgnFxGQ1Ife9bzYs6VLi8/4X6CObHMw9Qr9tPY43iKwsPw8xE8+EFsf/2cFZ5S3esXgpWgtSCtLNS41F+sKPA==",
      "dev": true,
      "peerDependencies": {
        "react": "^16.8.0 || ^17.0.0 || ^18.0.0"
      }
    },
    "node_modules/vercel": {
      "version": "19.1.2",
      "resolved": "https://registry.npmjs.org/vercel/-/vercel-19.1.2.tgz",
      "integrity": "sha512-eBA6K/V+FX56FIYtv/gT6/UJWmb7YZ14LihRgiLBR7TkXK72HE4z+kPXJUcX1zSCBdd1pkLeZ/VhbLv4WXL9TA==",
      "dev": true,
      "hasInstallScript": true,
      "dependencies": {
        "@vercel/build-utils": "2.4.1",
        "@vercel/go": "1.1.3",
        "@vercel/next": "2.6.11",
        "@vercel/node": "1.7.2",
        "@vercel/python": "1.2.2",
        "@vercel/ruby": "1.2.3",
        "@vercel/static-build": "0.17.5"
      },
      "bin": {
        "vc": "dist/index.js",
        "vercel": "dist/index.js"
      },
      "engines": {
        "node": ">= 10"
      }
    },
    "node_modules/yn": {
      "version": "3.1.1",
      "resolved": "https://registry.npmjs.org/yn/-/yn-3.1.1.tgz",
      "integrity": "sha512-Ux4ygGWsu2c7isFWe8Yu1YluJmqVhxqK2cLXNQA5AcC3QfbGNpM7fu0Y8b/z16pXLnFxZYvWhd3fhBY9DLmC6Q==",
      "dev": true,
      "engines": {
        "node": ">=6"
      }
    }
  },
  "dependencies": {
    "@next/env": {
      "version": "12.2.5",
      "resolved": "https://registry.npmjs.org/@next/env/-/env-12.2.5.tgz",
      "integrity": "sha512-vLPLV3cpPGjUPT3PjgRj7e3nio9t6USkuew3JE/jMeon/9Mvp1WyR18v3iwnCuX7eUAm1HmAbJHHLAbcu/EJcw==",
      "dev": true
    },
    "@next/swc-android-arm-eabi": {
      "version": "12.2.5",
      "resolved": "https://registry.npmjs.org/@next/swc-android-arm-eabi/-/swc-android-arm-eabi-12.2.5.tgz",
      "integrity": "sha512-cPWClKxGhgn2dLWnspW+7psl3MoLQUcNqJqOHk2BhNcou9ARDtC0IjQkKe5qcn9qg7I7U83Gp1yh2aesZfZJMA==",
      "dev": true,
      "optional": true
    },
    "@next/swc-android-arm64": {
      "version": "12.2.5",
      "resolved": "https://registry.npmjs.org/@next/swc-android-arm64/-/swc-android-arm64-12.2.5.tgz",
      "integrity": "sha512-vMj0efliXmC5b7p+wfcQCX0AfU8IypjkzT64GiKJD9PgiA3IILNiGJr1fw2lyUDHkjeWx/5HMlMEpLnTsQslwg==",
      "dev": true,
      "optional": true
    },
    "@next/swc-darwin-arm64": {
      "version": "12.2.5",
      "resolved": "https://registry.npmjs.org/@next/swc-darwin-arm64/-/swc-darwin-arm64-12.2.5.tgz",
      "integrity": "sha512-VOPWbO5EFr6snla/WcxUKtvzGVShfs302TEMOtzYyWni6f9zuOetijJvVh9CCTzInnXAZMtHyNhefijA4HMYLg==",
      "dev": true,
      "optional": true
    },
    "@next/swc-darwin-x64": {
      "version": "12.2.5",
      "resolved": "https://registry.npmjs.org/@next/swc-darwin-x64/-/swc-darwin-x64-12.2.5.tgz",
      "integrity": "sha512-5o8bTCgAmtYOgauO/Xd27vW52G2/m3i5PX7MUYePquxXAnX73AAtqA3WgPXBRitEB60plSKZgOTkcpqrsh546A==",
      "dev": true,
      "optional": true
    },
    "@next/swc-freebsd-x64": {
      "version": "12.2.5",
      "resolved": "https://registry.npmjs.org/@next/swc-freebsd-x64/-/swc-freebsd-x64-12.2.5.tgz",
      "integrity": "sha512-yYUbyup1JnznMtEBRkK4LT56N0lfK5qNTzr6/DEyDw5TbFVwnuy2hhLBzwCBkScFVjpFdfiC6SQAX3FrAZzuuw==",
      "dev": true,
      "optional": true
    },
    "@next/swc-linux-arm-gnueabihf": {
      "version": "12.2.5",
      "resolved": "https://registry.npmjs.org/@next/swc-linux-arm-gnueabihf/-/swc-linux-arm-gnueabihf-12.2.5.tgz",
      "integrity": "sha512-2ZE2/G921Acks7UopJZVMgKLdm4vN4U0yuzvAMJ6KBavPzqESA2yHJlm85TV/K9gIjKhSk5BVtauIUntFRP8cg==",
      "dev": true,
      "optional": true
    },
    "@next/swc-linux-arm64-gnu": {
      "version": "12.2.5",
      "resolved": "https://registry.npmjs.org/@next/swc-linux-arm64-gnu/-/swc-linux-arm64-gnu-12.2.5.tgz",
      "integrity": "sha512-/I6+PWVlz2wkTdWqhlSYYJ1pWWgUVva6SgX353oqTh8njNQp1SdFQuWDqk8LnM6ulheVfSsgkDzxrDaAQZnzjQ==",
      "dev": true,
      "optional": true
    },
    "@next/swc-linux-arm64-musl": {
      "version": "12.2.5",
      "resolved": "https://registry.npmjs.org/@next/swc-linux-arm64-musl/-/swc-linux-arm64-musl-12.2.5.tgz",
      "integrity": "sha512-LPQRelfX6asXyVr59p5sTpx5l+0yh2Vjp/R8Wi4X9pnqcayqT4CUJLiHqCvZuLin3IsFdisJL0rKHMoaZLRfmg==",
      "dev": true,
      "optional": true
    },
    "@next/swc-linux-x64-gnu": {
      "version": "12.2.5",
      "resolved": "https://registry.npmjs.org/@next/swc-linux-x64-gnu/-/swc-linux-x64-gnu-12.2.5.tgz",
      "integrity": "sha512-0szyAo8jMCClkjNK0hknjhmAngUppoRekW6OAezbEYwHXN/VNtsXbfzgYOqjKWxEx3OoAzrT3jLwAF0HdX2MEw==",
      "dev": true,
      "optional": true
    },
    "@next/swc-linux-x64-musl": {
      "version": "12.2.5",
      "resolved": "https://registry.npmjs.org/@next/swc-linux-x64-musl/-/swc-linux-x64-musl-12.2.5.tgz",
      "integrity": "sha512-zg/Y6oBar1yVnW6Il1I/08/2ukWtOG6s3acdJdEyIdsCzyQi4RLxbbhkD/EGQyhqBvd3QrC6ZXQEXighQUAZ0g==",
      "dev": true,
      "optional": true
    },
    "@next/swc-win32-arm64-msvc": {
      "version": "12.2.5",
      "resolved": "https://registry.npmjs.org/@next/swc-win32-arm64-msvc/-/swc-win32-arm64-msvc-12.2.5.tgz",
      "integrity": "sha512-3/90DRNSqeeSRMMEhj4gHHQlLhhKg5SCCoYfE3kBjGpE63EfnblYUqsszGGZ9ekpKL/R4/SGB40iCQr8tR5Jiw==",
      "dev": true,
      "optional": true
    },
    "@next/swc-win32-ia32-msvc": {
      "version": "12.2.5",
      "resolved": "https://registry.npmjs.org/@next/swc-win32-ia32-msvc/-/swc-win32-ia32-msvc-12.2.5.tgz",
      "integrity": "sha512-hGLc0ZRAwnaPL4ulwpp4D2RxmkHQLuI8CFOEEHdzZpS63/hMVzv81g8jzYA0UXbb9pus/iTc3VRbVbAM03SRrw==",
      "dev": true,
      "optional": true
    },
    "@next/swc-win32-x64-msvc": {
      "version": "12.2.5",
      "resolved": "https://registry.npmjs.org/@next/swc-win32-x64-msvc/-/swc-win32-x64-msvc-12.2.5.tgz",
      "integrity": "sha512-7h5/ahY7NeaO2xygqVrSG/Y8Vs4cdjxIjowTZ5W6CKoTKn7tmnuxlUc2h74x06FKmbhAd9agOjr/AOKyxYYm9Q==",
      "dev": true,
      "optional": true
    },
    "@swc/helpers": {
      "version": "0.4.3",
      "resolved": "https://registry.npmjs.org/@swc/helpers/-/helpers-0.4.3.tgz",
      "integrity": "sha512-6JrF+fdUK2zbGpJIlN7G3v966PQjyx/dPt1T9km2wj+EUBqgrxCk3uX4Kct16MIm9gGxfKRcfax2hVf5jvlTzA==",
      "dev": true,
      "requires": {
        "tslib": "^2.4.0"
      }
    },
    "@types/node": {
      "version": "18.7.6",
      "resolved": "https://registry.npmjs.org/@types/node/-/node-18.7.6.tgz",
      "integrity": "sha512-EdxgKRXgYsNITy5mjjXjVE/CS8YENSdhiagGrLqjG0pvA2owgJ6i4l7wy/PFZGC0B1/H20lWKN7ONVDNYDZm7A==",
      "dev": true
    },
    "@vercel/build-utils": {
      "version": "2.4.1",
      "resolved": "https://registry.npmjs.org/@vercel/build-utils/-/build-utils-2.4.1.tgz",
      "integrity": "sha512-DgRvs0u5ZLQyeVztZWEbEtGeq1PsquJ4BfGQ9pu3w3vPuk1Znbxhrha55Kqc8Zo5YTWBEudQh5OlxA7ZYCjqPQ==",
      "dev": true
    },
    "@vercel/go": {
      "version": "1.1.3",
      "resolved": "https://registry.npmjs.org/@vercel/go/-/go-1.1.3.tgz",
      "integrity": "sha512-ydW8jA4wtx781BbaCB/BDuC+NO6aqUVbkqFhltVVFeUjYRxL3Uyh35dWwSbT/d9Kgw3xorLTb3m/gAyFwjoHVw==",
      "dev": true
    },
    "@vercel/next": {
      "version": "2.6.11",
      "resolved": "https://registry.npmjs.org/@vercel/next/-/next-2.6.11.tgz",
      "integrity": "sha512-bUHhQoR72iG0RUwGUEuQZVVDI09+wLL5ADBbRFudQq9xg1kCYBlQ/6l3MyFif2IuZq5b/OPQ++XX0qtUzeLlJQ==",
      "dev": true
    },
    "@vercel/node": {
      "version": "1.7.2",
      "resolved": "https://registry.npmjs.org/@vercel/node/-/node-1.7.2.tgz",
      "integrity": "sha512-XV5lrLC+K/cxsaFj8H2OoGu1zliOqnxcrOnPInI8HmQjR/Tztt+0nzgpt+7sx8wXcrib0Nu7lK303jP7VjSETw==",
      "dev": true,
      "requires": {
        "@types/node": "*",
        "ts-node": "8.9.1",
        "typescript": "3.9.3"
      }
    },
    "@vercel/python": {
      "version": "1.2.2",
      "resolved": "https://registry.npmjs.org/@vercel/python/-/python-1.2.2.tgz",
      "integrity": "sha512-+rHfbjJaySdac59Oa11a7/nZzpXC98Kqw5tPh8DT1I5OG8YTfgJnwgfBoytZOAZZQBcggoJspnjAd+wGVCoVXw==",
      "dev": true
    },
    "@vercel/ruby": {
      "version": "1.2.3",
      "resolved": "https://registry.npmjs.org/@vercel/ruby/-/ruby-1.2.3.tgz",
      "integrity": "sha512-WvtImWLdIo4bB0f2Pgc+P7KdgVVsPSMEVEtk4ZJnKkhU7IsCn/UnlovOsZeP6Qw/Bwqv84KrNm+nNRte648aew==",
      "dev": true
    },
    "@vercel/static-build": {
      "version": "0.17.5",
      "resolved": "https://registry.npmjs.org/@vercel/static-build/-/static-build-0.17.5.tgz",
      "integrity": "sha512-pZpIgm22BbscfH3qJUBgTZf0RNQO/sh2AORsu9aF70QXeU2B2n9wvpz+K8oiTTXjdNdFSidfMUX+PZZc1OPx+Q==",
      "dev": true
    },
    "arg": {
      "version": "4.1.3",
      "resolved": "https://registry.npmjs.org/arg/-/arg-4.1.3.tgz",
      "integrity": "sha512-58S9QDqG0Xx27YwPSt9fJxivjYl432YCwfDMfZ+71RAqUrZef7LrKQZ3LHLOwCS4FLNBplP533Zx895SeOCHvA==",
      "dev": true
    },
    "buffer-from": {
      "version": "1.1.2",
      "resolved": "https://registry.npmjs.org/buffer-from/-/buffer-from-1.1.2.tgz",
      "integrity": "sha512-E+XQCRwSbaaiChtv6k6Dwgc+bx+Bs6vuKJHHl5kox/BaKbhiXzqQOwK4cO22yElGp2OCmjwVhT3HmxgyPGnJfQ==",
      "dev": true
    },
    "caniuse-lite": {
      "version": "1.0.30001378",
      "resolved": "https://registry.npmjs.org/caniuse-lite/-/caniuse-lite-1.0.30001378.tgz",
      "integrity": "sha512-JVQnfoO7FK7WvU4ZkBRbPjaot4+YqxogSDosHv0Hv5mWpUESmN+UubMU6L/hGz8QlQ2aY5U0vR6MOs6j/CXpNA==",
      "dev": true
    },
    "diff": {
      "version": "4.0.2",
      "resolved": "https://registry.npmjs.org/diff/-/diff-4.0.2.tgz",
      "integrity": "sha512-58lmxKSA4BNyLz+HHMUzlOEpg09FV+ev6ZMe3vJihgdxzgcwZ8VoEEPmALCZG9LmqfVoNMMKpttIYTVG6uDY7A==",
      "dev": true
    },
    "js-tokens": {
      "version": "4.0.0",
      "resolved": "https://registry.npmjs.org/js-tokens/-/js-tokens-4.0.0.tgz",
      "integrity": "sha512-RdJUflcE3cUzKiMqQgsCu06FPu9UdIJO0beYbPhHN4k6apgJtifcoCtT9bcxOpYBtpD2kCM6Sbzg4CausW/PKQ==",
      "dev": true
    },
    "loose-envify": {
      "version": "1.4.0",
      "resolved": "https://registry.npmjs.org/loose-envify/-/loose-envify-1.4.0.tgz",
      "integrity": "sha512-lyuxPGr/Wfhrlem2CL/UcnUc1zcqKAImBDzukY7Y5F/yQiNdko6+fRLevlw1HgMySw7f611UIY408EtxRSoK3Q==",
      "dev": true,
      "requires": {
        "js-tokens": "^3.0.0 || ^4.0.0"
      }
    },
    "make-error": {
      "version": "1.3.6",
      "resolved": "https://registry.npmjs.org/make-error/-/make-error-1.3.6.tgz",
      "integrity": "sha512-s8UhlNe7vPKomQhC1qFelMokr/Sc3AgNbso3n74mVPA5LTZwkB9NlXf4XPamLxJE8h0gh73rM94xvwRT2CVInw==",
      "dev": true
    },
    "nanoid": {
      "version": "3.3.4",
      "resolved": "https://registry.npmjs.org/nanoid/-/nanoid-3.3.4.tgz",
      "integrity": "sha512-MqBkQh/OHTS2egovRtLk45wEyNXwF+cokD+1YPf9u5VfJiRdAiRwB2froX5Co9Rh20xs4siNPm8naNotSD6RBw==",
      "dev": true
    },
    "next": {
      "version": "12.2.5",
      "resolved": "https://registry.npmjs.org/next/-/next-12.2.5.tgz",
      "integrity": "sha512-tBdjqX5XC/oFs/6gxrZhjmiq90YWizUYU6qOWAfat7zJwrwapJ+BYgX2PmiacunXMaRpeVT4vz5MSPSLgNkrpA==",
      "dev": true,
      "requires": {
        "@next/env": "12.2.5",
        "@next/swc-android-arm-eabi": "12.2.5",
        "@next/swc-android-arm64": "12.2.5",
        "@next/swc-darwin-arm64": "12.2.5",
        "@next/swc-darwin-x64": "12.2.5",
        "@next/swc-freebsd-x64": "12.2.5",
        "@next/swc-linux-arm-gnueabihf": "12.2.5",
        "@next/swc-linux-arm64-gnu": "12.2.5",
        "@next/swc-linux-arm64-musl": "12.2.5",
        "@next/swc-linux-x64-gnu": "12.2.5",
        "@next/swc-linux-x64-musl": "12.2.5",
        "@next/swc-win32-arm64-msvc": "12.2.5",
        "@next/swc-win32-ia32-msvc": "12.2.5",
        "@next/swc-win32-x64-msvc": "12.2.5",
        "@swc/helpers": "0.4.3",
        "caniuse-lite": "^1.0.30001332",
        "postcss": "8.4.14",
        "styled-jsx": "5.0.4",
        "use-sync-external-store": "1.2.0"
      }
    },
    "picocolors": {
      "version": "1.0.0",
      "resolved": "https://registry.npmjs.org/picocolors/-/picocolors-1.0.0.tgz",
      "integrity": "sha512-1fygroTLlHu66zi26VoTDv8yRgm0Fccecssto+MhsZ0D/DGW2sm8E8AjW7NU5VVTRt5GxbeZ5qBuJr+HyLYkjQ==",
      "dev": true
    },
    "postcss": {
      "version": "8.4.14",
      "resolved": "https://registry.npmjs.org/postcss/-/postcss-8.4.14.tgz",
      "integrity": "sha512-E398TUmfAYFPBSdzgeieK2Y1+1cpdxJx8yXbK/m57nRhKSmk1GB2tO4lbLBtlkfPQTDKfe4Xqv1ASWPpayPEig==",
      "dev": true,
      "requires": {
        "nanoid": "^3.3.4",
        "picocolors": "^1.0.0",
        "source-map-js": "^1.0.2"
      }
    },
    "react": {
      "version": "18.2.0",
      "resolved": "https://registry.npmjs.org/react/-/react-18.2.0.tgz",
      "integrity": "sha512-/3IjMdb2L9QbBdWiW5e3P2/npwMBaU9mHCSCUzNln0ZCYbcfTsGbTJrU/kGemdH2IWmB2ioZ+zkxtmq6g09fGQ==",
      "dev": true,
      "requires": {
        "loose-envify": "^1.1.0"
      }
    },
    "react-dom": {
      "version": "18.2.0",
      "resolved": "https://registry.npmjs.org/react-dom/-/react-dom-18.2.0.tgz",
      "integrity": "sha512-6IMTriUmvsjHUjNtEDudZfuDQUoWXVxKHhlEGSk81n4YFS+r/Kl99wXiwlVXtPBtJenozv2P+hxDsw9eA7Xo6g==",
      "dev": true,
      "requires": {
        "loose-envify": "^1.1.0",
        "scheduler": "^0.23.0"
      }
    },
    "scheduler": {
      "version": "0.23.0",
      "resolved": "https://registry.npmjs.org/scheduler/-/scheduler-0.23.0.tgz",
      "integrity": "sha512-CtuThmgHNg7zIZWAXi3AsyIzA3n4xx7aNyjwC2VJldO2LMVDhFK+63xGqq6CsJH4rTAt6/M+N4GhZiDYPx9eUw==",
      "dev": true,
      "requires": {
        "loose-envify": "^1.1.0"
      }
    },
    "source-map": {
      "version": "0.6.1",
      "resolved": "https://registry.npmjs.org/source-map/-/source-map-0.6.1.tgz",
      "integrity": "sha512-UjgapumWlbMhkBgzT7Ykc5YXUT46F0iKu8SGXq0bcwP5dz/h0Plj6enJqjz1Zbq2l5WaqYnrVbwWOWMyF3F47g==",
      "dev": true
    },
    "source-map-js": {
      "version": "1.0.2",
      "resolved": "https://registry.npmjs.org/source-map-js/-/source-map-js-1.0.2.tgz",
      "integrity": "sha512-R0XvVJ9WusLiqTCEiGCmICCMplcCkIwwR11mOSD9CR5u+IXYdiseeEuXCVAjS54zqwkLcPNnmU4OeJ6tUrWhDw==",
      "dev": true
    },
    "source-map-support": {
      "version": "0.5.21",
      "resolved": "https://registry.npmjs.org/source-map-support/-/source-map-support-0.5.21.tgz",
      "integrity": "sha512-uBHU3L3czsIyYXKX88fdrGovxdSCoTGDRZ6SYXtSRxLZUzHg5P/66Ht6uoUlHu9EZod+inXhKo3qQgwXUT/y1w==",
      "dev": true,
      "requires": {
        "buffer-from": "^1.0.0",
        "source-map": "^0.6.0"
      }
    },
    "styled-jsx": {
      "version": "5.0.4",
      "resolved": "https://registry.npmjs.org/styled-jsx/-/styled-jsx-5.0.4.tgz",
      "integrity": "sha512-sDFWLbg4zR+UkNzfk5lPilyIgtpddfxXEULxhujorr5jtePTUqiPDc5BC0v1NRqTr/WaFBGQQUoYToGlF4B2KQ==",
      "dev": true,
      "requires": {}
    },
    "ts-node": {
      "version": "8.9.1",
      "resolved": "https://registry.npmjs.org/ts-node/-/ts-node-8.9.1.tgz",
      "integrity": "sha512-yrq6ODsxEFTLz0R3BX2myf0WBCSQh9A+py8PBo1dCzWIOcvisbyH6akNKqDHMgXePF2kir5mm5JXJTH3OUJYOQ==",
      "dev": true,
      "requires": {
        "arg": "^4.1.0",
        "diff": "^4.0.1",
        "make-error": "^1.1.1",
        "source-map-support": "^0.5.17",
        "yn": "3.1.1"
      }
    },
    "tslib": {
      "version": "2.4.0",
      "resolved": "https://registry.npmjs.org/tslib/-/tslib-2.4.0.tgz",
      "integrity": "sha512-d6xOpEDfsi2CZVlPQzGeux8XMwLT9hssAsaPYExaQMuYskwb+x1x7J371tWlbBdWHroy99KnVB6qIkUbs5X3UQ==",
      "dev": true
    },
    "typescript": {
      "version": "3.9.3",
      "resolved": "https://registry.npmjs.org/typescript/-/typescript-3.9.3.tgz",
      "integrity": "sha512-D/wqnB2xzNFIcoBG9FG8cXRDjiqSTbG2wd8DMZeQyJlP1vfTkIxH4GKveWaEBYySKIg+USu+E+EDIR47SqnaMQ==",
      "dev": true
    },
    "use-sync-external-store": {
      "version": "1.2.0",
      "resolved": "https://registry.npmjs.org/use-sync-external-store/-/use-sync-external-store-1.2.0.tgz",
      "integrity": "sha512-eEgnFxGQ1Ife9bzYs6VLi8/4X6CObHMw9Qr9tPY43iKwsPw8xE8+EFsf/2cFZ5S3esXgpWgtSCtLNS41F+sKPA==",
      "dev": true,
      "requires": {}
    },
    "vercel": {
      "version": "19.1.2",
      "resolved": "https://registry.npmjs.org/vercel/-/vercel-19.1.2.tgz",
      "integrity": "sha512-eBA6K/V+FX56FIYtv/gT6/UJWmb7YZ14LihRgiLBR7TkXK72HE4z+kPXJUcX1zSCBdd1pkLeZ/VhbLv4WXL9TA==",
      "dev": true,
      "requires": {
        "@vercel/build-utils": "2.4.1",
        "@vercel/go": "1.1.3",
        "@vercel/next": "2.6.11",
        "@vercel/node": "1.7.2",
        "@vercel/python": "1.2.2",
        "@vercel/ruby": "1.2.3",
        "@vercel/static-build": "0.17.5"
      }
    },
    "yn": {
      "version": "3.1.1",
      "resolved": "https://registry.npmjs.org/yn/-/yn-3.1.1.tgz",
      "integrity": "sha512-Ux4ygGWsu2c7isFWe8Yu1YluJmqVhxqK2cLXNQA5AcC3QfbGNpM7fu0Y8b/z16pXLnFxZYvWhd3fhBY9DLmC6Q==",
      "dev": true
    }
  }
}
